
Microsoft Visual Studio Solution File, Format Version 12.00
# Visual Studio Version 17
VisualStudioVersion = 17.0.31903.59
MinimumVisualStudioVersion = 10.0.40219.1
Project("{FAE04EC0-301F-11D3-BF4B-00C04F79EFBC}") = "nyasProjFS", "nyasProjFS\nyasProjFS.csproj", "{515F604D-E4F3-4F5D-9083-A53C9B3CB010}"
EndProject
Project("{FAE04EC0-301F-11D3-BF4B-00C04F79EFBC}") = "ProjFSFeatureController", "ProjFSFeatureController\ProjFSFeatureController.csproj", "{CEC5BCBA-60E2-4CA5-B5E3-A35F7ED7EFFA}"
EndProject
Project("{FAE04EC0-301F-11D3-BF4B-00C04F79EFBC}") = "SimpleProjFSSample", "SimpleProjFSSample\SimpleProjFSSample.csproj", "{74E13E26-68EB-4686-ADA2-1CD5DEF01C56}"
	ProjectSection(ProjectDependencies) = postProject
		{515F604D-E4F3-4F5D-9083-A53C9B3CB010} = {515F604D-E4F3-4F5D-9083-A53C9B3CB010}
	EndProjectSection
EndProject
Global
	GlobalSection(SolutionConfigurationPlatforms) = preSolution
		Debug|Any CPU = Debug|Any CPU
		Release|Any CPU = Release|Any CPU
	EndGlobalSection
	GlobalSection(ProjectConfigurationPlatforms) = postSolution
		{515F604D-E4F3-4F5D-9083-A53C9B3CB010}.Debug|Any CPU.ActiveCfg = Debug|Any CPU
		{515F604D-E4F3-4F5D-9083-A53C9B3CB010}.Debug|Any CPU.Build.0 = Debug|Any CPU
		{515F604D-E4F3-4F5D-9083-A53C9B3CB010}.Release|Any CPU.ActiveCfg = Release|Any CPU
		{515F604D-E4F3-4F5D-9083-A53C9B3CB010}.Release|Any CPU.Build.0 = Release|Any CPU
		{CEC5BCBA-60E2-4CA5-B5E3-A35F7ED7EFFA}.Debug|Any CPU.ActiveCfg = Debug|Any CPU
		{CEC5BCBA-60E2-4CA5-B5E3-A35F7ED7EFFA}.Debug|Any CPU.Build.0 = Debug|Any CPU
		{CEC5BCBA-60E2-4CA5-B5E3-A35F7ED7EFFA}.Release|Any CPU.ActiveCfg = Release|Any CPU
		{CEC5BCBA-60E2-4CA5-B5E3-A35F7ED7EFFA}.Release|Any CPU.Build.0 = Release|Any CPU
		{74E13E26-68EB-4686-ADA2-1CD5DEF01C56}.Debug|Any CPU.ActiveCfg = Debug|Any CPU
		{74E13E26-68EB-4686-ADA2-1CD5DEF01C56}.Debug|Any CPU.Build.0 = Debug|Any CPU
		{74E13E26-68EB-4686-ADA2-1CD5DEF01C56}.Release|Any CPU.ActiveCfg = Release|Any CPU
		{74E13E26-68EB-4686-ADA2-1CD5DEF01C56}.Release|Any CPU.Build.0 = Release|Any CPU
	EndGlobalSection
	GlobalSection(SolutionProperties) = preSolution
		HideSolutionNode = FALSE
	EndGlobalSection
EndGlobal
